
Microsoft Visual Studio Solution File, Format Version 12.00
# Visual Studio Version 16
VisualStudioVersion = 16.0.29905.134
MinimumVisualStudioVersion = 10.0.40219.1
Project("{FAE04EC0-301F-11D3-BF4B-00C04F79EFBC}") = "week10project", "week10project\week10project.csproj", "{EAC1E86A-B70D-463E-B565-866E8C64F9B5}"
EndProject
Global
	GlobalSection(SolutionConfigurationPlatforms) = preSolution
		Debug|Any CPU = Debug|Any CPU
		Release|Any CPU = Release|Any CPU
	EndGlobalSection
	GlobalSection(ProjectConfigurationPlatforms) = postSolution
		{EAC1E86A-B70D-463E-B565-866E8C64F9B5}.Debug|Any CPU.ActiveCfg = Debug|Any CPU
		{EAC1E86A-B70D-463E-B565-866E8C64F9B5}.Debug|Any CPU.Build.0 = Debug|Any CPU
		{EAC1E86A-B70D-463E-B565-866E8C64F9B5}.Release|Any CPU.ActiveCfg = Release|Any CPU
		{EAC1E86A-B70D-463E-B565-866E8C64F9B5}.Release|Any CPU.Build.0 = Release|Any CPU
	EndGlobalSection
	GlobalSection(SolutionProperties) = preSolution
		HideSolutionNode = FALSE
	EndGlobalSection
	GlobalSection(ExtensibilityGlobals) = postSolution
		SolutionGuid = {1B09B116-F376-498E-920C-5E2ADBAF2027}
	EndGlobalSection
EndGlobal
